
Microsoft Visual Studio Solution File, Format Version 12.00
# Visual Studio Version 17
VisualStudioVersion = 17.14.36414.22 d17.14
MinimumVisualStudioVersion = 10.0.40219.1
Project("{FAE04EC0-301F-11D3-BF4B-00C04F79EFBC}") = "EmployeeManagementSystem", "EmployeeManagementSystem\EmployeeManagementSystem.csproj", "{B2060B79-2CCE-4560-902E-527D5B6D36AE}"
EndProject
Global
	GlobalSection(SolutionConfigurationPlatforms) = preSolution
		Debug|Any CPU = Debug|Any CPU
		Release|Any CPU = Release|Any CPU
	EndGlobalSection
	GlobalSection(ProjectConfigurationPlatforms) = postSolution
		{B2060B79-2CCE-4560-902E-527D5B6D36AE}.Debug|Any CPU.ActiveCfg = Debug|Any CPU
		{B2060B79-2CCE-4560-902E-527D5B6D36AE}.Debug|Any CPU.Build.0 = Debug|Any CPU
		{B2060B79-2CCE-4560-902E-527D5B6D36AE}.Release|Any CPU.ActiveCfg = Release|Any CPU
		{B2060B79-2CCE-4560-902E-527D5B6D36AE}.Release|Any CPU.Build.0 = Release|Any CPU
	EndGlobalSection
	GlobalSection(SolutionProperties) = preSolution
		HideSolutionNode = FALSE
	EndGlobalSection
	GlobalSection(ExtensibilityGlobals) = postSolution
		SolutionGuid = {9CB30C04-EB20-442F-BD88-E356E537EE17}
	EndGlobalSection
EndGlobal
